
Microsoft Visual Studio Solution File, Format Version 12.00
# Visual Studio Version 17
VisualStudioVersion = 17.4.33403.182
MinimumVisualStudioVersion = 10.0.40219.1
Project("{9A19103F-16F7-4668-BE54-9A1E7A4F7556}") = "Easy", "Easy\Easy.csproj", "{4BD1DD0A-D998-498D-AF5F-AC794404369D}"
EndProject
Project("{FAE04EC0-301F-11D3-BF4B-00C04F79EFBC}") = "Medium", "Medium\Medium.csproj", "{1D8F7017-7333-40E3-B755-2218ABE9D174}"
EndProject
Global
	GlobalSection(SolutionConfigurationPlatforms) = preSolution
		Debug|Any CPU = Debug|Any CPU
		Release|Any CPU = Release|Any CPU
	EndGlobalSection
	GlobalSection(ProjectConfigurationPlatforms) = postSolution
		{4BD1DD0A-D998-498D-AF5F-AC794404369D}.Debug|Any CPU.ActiveCfg = Debug|Any CPU
		{4BD1DD0A-D998-498D-AF5F-AC794404369D}.Debug|Any CPU.Build.0 = Debug|Any CPU
		{4BD1DD0A-D998-498D-AF5F-AC794404369D}.Release|Any CPU.ActiveCfg = Release|Any CPU
		{4BD1DD0A-D998-498D-AF5F-AC794404369D}.Release|Any CPU.Build.0 = Release|Any CPU
		{1D8F7017-7333-40E3-B755-2218ABE9D174}.Debug|Any CPU.ActiveCfg = Debug|Any CPU
		{1D8F7017-7333-40E3-B755-2218ABE9D174}.Debug|Any CPU.Build.0 = Debug|Any CPU
		{1D8F7017-7333-40E3-B755-2218ABE9D174}.Release|Any CPU.ActiveCfg = Release|Any CPU
		{1D8F7017-7333-40E3-B755-2218ABE9D174}.Release|Any CPU.Build.0 = Release|Any CPU
	EndGlobalSection
	GlobalSection(SolutionProperties) = preSolution
		HideSolutionNode = FALSE
	EndGlobalSection
	GlobalSection(ExtensibilityGlobals) = postSolution
		SolutionGuid = {2400C27A-D3D9-416B-91AD-243DA6AC008C}
	EndGlobalSection
EndGlobal
